
Microsoft Visual Studio Solution File, Format Version 12.00
# Visual Studio Version 16
VisualStudioVersion = 16.0.30114.105
MinimumVisualStudioVersion = 10.0.40219.1
Project("{9A19103F-16F7-4668-BE54-9A1E7A4F7556}") = "Lecom.Api", "LECOM\Lecom.Api.csproj", "{48C799FC-05D5-4D76-B019-ACC3CFA3E583}"
EndProject
Project("{9A19103F-16F7-4668-BE54-9A1E7A4F7556}") = "Lecom.DAL", "Lecom.DAL\Lecom.DAL.csproj", "{56D084D1-891D-4E9F-93AA-17F3FCBA1BFB}"
EndProject
Project("{FAE04EC0-301F-11D3-BF4B-00C04F79EFBC}") = "Lecom.Model", "Lecom.Model\Lecom.Model.csproj", "{595A2B98-D6C1-404B-8F66-866FB0D60D58}"
EndProject
Global
	GlobalSection(SolutionConfigurationPlatforms) = preSolution
		Debug|Any CPU = Debug|Any CPU
		Release|Any CPU = Release|Any CPU
	EndGlobalSection
	GlobalSection(ProjectConfigurationPlatforms) = postSolution
		{48C799FC-05D5-4D76-B019-ACC3CFA3E583}.Debug|Any CPU.ActiveCfg = Debug|Any CPU
		{48C799FC-05D5-4D76-B019-ACC3CFA3E583}.Debug|Any CPU.Build.0 = Debug|Any CPU
		{48C799FC-05D5-4D76-B019-ACC3CFA3E583}.Release|Any CPU.ActiveCfg = Release|Any CPU
		{48C799FC-05D5-4D76-B019-ACC3CFA3E583}.Release|Any CPU.Build.0 = Release|Any CPU
		{56D084D1-891D-4E9F-93AA-17F3FCBA1BFB}.Debug|Any CPU.ActiveCfg = Debug|Any CPU
		{56D084D1-891D-4E9F-93AA-17F3FCBA1BFB}.Debug|Any CPU.Build.0 = Debug|Any CPU
		{56D084D1-891D-4E9F-93AA-17F3FCBA1BFB}.Release|Any CPU.ActiveCfg = Release|Any CPU
		{56D084D1-891D-4E9F-93AA-17F3FCBA1BFB}.Release|Any CPU.Build.0 = Release|Any CPU
		{595A2B98-D6C1-404B-8F66-866FB0D60D58}.Debug|Any CPU.ActiveCfg = Debug|Any CPU
		{595A2B98-D6C1-404B-8F66-866FB0D60D58}.Debug|Any CPU.Build.0 = Debug|Any CPU
		{595A2B98-D6C1-404B-8F66-866FB0D60D58}.Release|Any CPU.ActiveCfg = Release|Any CPU
		{595A2B98-D6C1-404B-8F66-866FB0D60D58}.Release|Any CPU.Build.0 = Release|Any CPU
	EndGlobalSection
	GlobalSection(SolutionProperties) = preSolution
		HideSolutionNode = FALSE
	EndGlobalSection
	GlobalSection(ExtensibilityGlobals) = postSolution
		SolutionGuid = {73B95A89-FA4C-4C62-9C03-60B65E53EB13}
	EndGlobalSection
EndGlobal
